# This file is autogenerated, do not edit; changes may be undone by the next 'dep ensure'.


[[projects]]
  branch = "master"
  name = "github.com/armon/go-metrics"
  packages = ["."]
  revision = "ec5e00d3c878b2a97bbe0884ef45ffd1b4f669f5"

[[projects]]
  name = "github.com/aws/aws-sdk-go"
  packages = ["aws","aws/awserr","aws/awsutil","aws/client","aws/client/metadata","aws/corehandlers","aws/credentials","aws/credentials/ec2rolecreds","aws/credentials/endpointcreds","aws/credentials/processcreds","aws/credentials/stscreds","aws/csm","aws/defaults","aws/ec2metadata","aws/endpoints","aws/request","aws/session","aws/signer/v4","internal/ini","internal/sdkio","internal/sdkmath","internal/sdkrand","internal/sdkuri","internal/shareddefaults","private/protocol","private/protocol/json/jsonutil","private/protocol/query","private/protocol/query/queryutil","private/protocol/rest","private/protocol/xml/xmlutil","service/autoscaling","service/sts","service/sts/stsiface"]
  revision = "d57c8d96f72d9475194ccf18d2ba70ac294b0cb3"
  version = "v1.23.13"

[[projects]]
  name = "github.com/beorn7/perks"
  packages = ["quantile"]
  revision = "37c8de3658fcb183f997c4e13e8337516ab753e6"
  version = "v1.0.1"

[[projects]]
  name = "github.com/davecgh/go-spew"
  packages = ["spew"]
  revision = "8991bc29aa16c548c550c7ff78260e27b9ab7c73"
  version = "v1.1.1"

[[projects]]
  name = "github.com/fsnotify/fsnotify"
  packages = ["."]
  revision = "c2828203cd70a50dcccfb2761f8b1f8ceef9a8e9"
  version = "v1.4.7"

[[projects]]
  name = "github.com/golang/mock"
  packages = ["gomock"]
  revision = "9fa652df1129bef0e734c9cf9bf6dbae9ef3b9fa"
  version = "1.3.1"

[[projects]]
  name = "github.com/golang/protobuf"
  packages = ["proto","ptypes","ptypes/any","ptypes/duration","ptypes/timestamp","ptypes/wrappers"]
  revision = "6c65a5562fc06764971b7c5d05c76c75e84bdbf7"
  version = "v1.3.2"

[[projects]]
  name = "github.com/gorhill/cronexpr"
  packages = ["."]
  revision = "a557574d6c024ed6e36acc8b610f5f211c91568a"
  version = "1.0.0"

[[projects]]
  name = "github.com/gorilla/websocket"
  packages = ["."]
  revision = "c3e18be99d19e6b3e8f1559eea2c161a665c4b6b"
  version = "v1.4.1"

[[projects]]
  name = "github.com/hashicorp/consul"
  packages = ["api"]
  revision = "944cc71026c007e7de9467ec3f38f0ad14464fcc"
  version = "v1.6.0"

[[projects]]
  name = "github.com/hashicorp/errwrap"
  packages = ["."]
  revision = "8a6fb523712970c966eefc6b39ed2c5e74880354"
  version = "v1.0.0"

[[projects]]
  name = "github.com/hashicorp/go-cleanhttp"
  packages = ["."]
  revision = "eda1e5db218aad1db63ca4642c8906b26bcf2744"
  version = "v0.5.1"

[[projects]]
  name = "github.com/hashicorp/go-hclog"
  packages = ["."]
  revision = "5ccdce08c75b6c7b37af61159f13f6a4f5e2e928"
  version = "v0.9.2"

[[projects]]
  name = "github.com/hashicorp/go-immutable-radix"
  packages = ["."]
  revision = "7dd1121b595e4e1bd6dd5caa78e0f5c454740379"
  version = "v1.1.0"

[[projects]]
  name = "github.com/hashicorp/go-msgpack"
  packages = ["codec"]
  revision = "ad60660ecf9c5a1eae0ca32182ed72bab5807961"
  version = "v0.5.5"

[[projects]]
  name = "github.com/hashicorp/go-multierror"
  packages = ["."]
  revision = "886a7fbe3eb1c874d46f623bfa70af45f425b3d1"
  version = "v1.0.0"

[[projects]]
  name = "github.com/hashicorp/go-plugin"
  packages = [".","internal/plugin"]
  revision = "9e3e1c37db188a1acb66561ee0ed4bf4d5e77554"
  version = "v1.0.1"

[[projects]]
  name = "github.com/hashicorp/go-rootcerts"
  packages = ["."]
  revision = "df8e78a645e18d56ed7bb9ae10ffb8174ab892e2"
  version = "v1.0.1"

[[projects]]
  name = "github.com/hashicorp/go-version"
  packages = ["."]
  revision = "ac23dc3fea5d1a983c43f6a0f6e2c13f0195d8bd"
  version = "v1.2.0"

[[projects]]
  name = "github.com/hashicorp/golang-lru"
  packages = [".","simplelru"]
  revision = "7f827b33c0f158ec5dfbba01bb0b14a4541fd81d"
  version = "v0.5.3"

[[projects]]
  name = "github.com/hashicorp/hcl"
  packages = [".","hcl/ast","hcl/parser","hcl/printer","hcl/scanner","hcl/strconv","hcl/token","json/parser","json/scanner","json/token"]
  revision = "8cb6e5b959231cc1119e43259c4a608f9c51a241"
  version = "v1.0.0"

[[projects]]
  name = "github.com/hashicorp/nomad"
  packages = ["acl","api","api/contexts","helper","helper/args","helper/flatmap","helper/uuid","lib/kheap","nomad/structs","plugins/shared/structs","plugins/shared/structs/proto"]
  revision = "a5c3aaffd1e17e707c217c132a98aa4601a720a2"
  version = "v0.9.5"

[[projects]]
  name = "github.com/hashicorp/raft"
  packages = ["."]
  revision = "ff523e1c1515a5b33cc3153a34c984093fed06bb"
  version = "v1.1.1"

[[projects]]
  name = "github.com/hashicorp/serf"
  packages = ["coordinate"]
  revision = "15cfd05de3dffb3664aa37b06e91f970b825e380"
  version = "v0.8.3"

[[projects]]
  branch = "master"
  name = "github.com/hashicorp/yamux"
  packages = ["."]
  revision = "2f1d1f20f75d5404f53b9edf6b53ed5505508675"

[[projects]]
  name = "github.com/jmespath/go-jmespath"
  packages = ["."]
  revision = "c2b33e84"

[[projects]]
  name = "github.com/julienschmidt/httprouter"
  packages = ["."]
  revision = "348b672cd90d8190f8240323e372ecd1e66b59dc"
  version = "v1.2.0"

[[projects]]
  name = "github.com/magiconair/properties"
  packages = ["."]
  revision = "de8848e004dd33dc07a2947b3d76f618a7fc7ef1"
  version = "v1.8.1"

[[projects]]
  name = "github.com/matttproud/golang_protobuf_extensions"
  packages = ["pbutil"]
  revision = "c12348ce28de40eed0136aa2b644d0ee0650e56c"
  version = "v1.0.1"

[[projects]]
  name = "github.com/mitchellh/copystructure"
  packages = ["."]
  revision = "9a1b6f44e8da0e0e374624fb0a825a231b00c537"
  version = "v1.0.0"

[[projects]]
  name = "github.com/mitchellh/go-homedir"
  packages = ["."]
  revision = "af06845cf3004701891bf4fdb884bfe4920b3727"
  version = "v1.1.0"

[[projects]]
  name = "github.com/mitchellh/go-testing-interface"
  packages = ["."]
  revision = "6d0b8010fcc857872e42fc6c931227569016843c"
  version = "v1.0.0"

[[projects]]
  name = "github.com/mitchellh/hashstructure"
  packages = ["."]
  revision = "a38c50148365edc8df43c1580c48fb2b3a1e9cd7"
  version = "v1.0.0"

[[projects]]
  name = "github.com/mitchellh/mapstructure"
  packages = ["."]
  revision = "3536a929edddb9a5b34bd6861dc4a9647cb459fe"
  version = "v1.1.2"

[[projects]]
  name = "github.com/mitchellh/reflectwalk"
  packages = ["."]
  revision = "3e2c75dfad4fbf904b58782a80fd595c760ad185"
  version = "v1.0.1"

[[projects]]
  name = "github.com/oklog/run"
  packages = ["."]
  revision = "4dadeb3030eda0273a12382bb2348ffc7c9d1a39"
  version = "v1.0.0"

[[projects]]
  name = "github.com/pelletier/go-toml"
  packages = ["."]
  revision = "728039f679cbcd4f6a54e080d2219a4c4928c546"
  version = "v1.4.0"

[[projects]]
  name = "github.com/pkg/errors"
  packages = ["."]
  revision = "ba968bfe8b2f7e042a574c888954fccecfa385b4"
  version = "v0.8.1"

[[projects]]
  name = "github.com/pmezard/go-difflib"
  packages = ["difflib"]
  revision = "792786c7400a136282c1664665ae0a8db921c6c2"
  version = "v1.0.0"

[[projects]]
  name = "github.com/prometheus/client_golang"
  packages = ["prometheus","prometheus/internal","prometheus/promauto","prometheus/promhttp"]
  revision = "2641b987480bca71fb39738eb8c8b0d577cb1d76"
  version = "v0.9.4"

[[projects]]
  branch = "master"
  name = "github.com/prometheus/client_model"
  packages = ["go"]
  revision = "14fe0d1b01d4d5fc031dd4bec1823bd3ebbe8016"

[[projects]]
  name = "github.com/prometheus/common"
  packages = ["expfmt","internal/bitbucket.org/ww/goautoneg","model"]
  revision = "31bed53e4047fd6c510e43a941f90cb31be0972a"
  version = "v0.6.0"

[[projects]]
  name = "github.com/prometheus/procfs"
  packages = [".","internal/fs","internal/util"]
  revision = "00ec24a6a2d86e7074629c8384715dbb05adccd8"
  version = "v0.0.4"

[[projects]]
  name = "github.com/robfig/cron"
  packages = ["."]
  revision = "45fbe1491cdd47d74d1bf1396286d67faee8b8b5"
  version = "v3.0.0"

[[projects]]
  name = "github.com/rs/zerolog"
  packages = [".","internal/cbor","internal/json"]
  revision = "b806a5ecbe5347ad9ef05121fea8f4acc65fa5fc"
  version = "v1.15.0"

[[projects]]
  name = "github.com/ryanuber/go-glob"
  packages = ["."]
  revision = "51a8f68e6c24dc43f1e371749c89a267de4ebc53"
  version = "v1.0.0"

[[projects]]
  name = "github.com/spf13/afero"
  packages = [".","mem"]
  revision = "588a75ec4f32903aa5e39a2619ba6a4631e28424"
  version = "v1.2.2"

[[projects]]
  name = "github.com/spf13/cast"
  packages = ["."]
  revision = "8c9545af88b134710ab1cd196795e7f2388358d7"
  version = "v1.3.0"

[[projects]]
  name = "github.com/spf13/jwalterweatherman"
  packages = ["."]
  revision = "94f6ae3ed3bceceafa716478c5fbf8d29ca601a1"
  version = "v1.1.0"

[[projects]]
  name = "github.com/spf13/pflag"
  packages = ["."]
  revision = "298182f68c66c05229eb03ac171abe6e309ee79a"
  version = "v1.0.3"

[[projects]]
  name = "github.com/spf13/viper"
  packages = ["."]
  revision = "b5bf975e5823809fb22c7644d008757f78a4259e"
  version = "v1.4.0"

[[projects]]
  name = "github.com/stretchr/testify"
  packages = ["assert","require"]
  revision = "221dbe5ed46703ee255b1da0dec05086f5035f62"
  version = "v1.4.0"

[[projects]]
  name = "github.com/ugorji/go"
  packages = ["codec"]
  revision = "c88ee250d0221a57af388746f5cf03768c21d6e2"

[[projects]]
  branch = "master"
  name = "golang.org/x/crypto"
  packages = ["blake2b"]
  revision = "9756ffdc24725223350eb3266ffb92590d28f278"

[[projects]]
  branch = "master"
  name = "golang.org/x/net"
  packages = ["context","http/httpguts","http2","http2/hpack","idna","internal/timeseries","trace"]
  revision = "ba9fcec4b297b415637633c5a6e8fa592e4a16c3"

[[projects]]
  branch = "master"
  name = "golang.org/x/sys"
  packages = ["cpu","unix"]
  revision = "1e83adbbebd0f5dc971915fd7e5db032c3d2b731"

[[projects]]
  name = "golang.org/x/text"
  packages = ["collate","collate/build","internal/colltab","internal/gen","internal/language","internal/language/compact","internal/tag","internal/triegen","internal/ucd","language","secure/bidirule","transform","unicode/bidi","unicode/cldr","unicode/norm","unicode/rangetable"]
  revision = "342b2e1fbaa52c93f31447ad2c6abc048c63e475"
  version = "v0.3.2"

[[projects]]
  branch = "master"
  name = "google.golang.org/genproto"
  packages = ["googleapis/rpc/status"]
  revision = "24fa4b261c55da65468f2abfdae2b024eef27dfb"

[[projects]]
  name = "google.golang.org/grpc"
  packages = [".","balancer","balancer/base","balancer/roundrobin","binarylog/grpc_binarylog_v1","codes","connectivity","credentials","credentials/internal","encoding","encoding/proto","grpclog","health","health/grpc_health_v1","internal","internal/backoff","internal/balancerload","internal/binarylog","internal/channelz","internal/envconfig","internal/grpcrand","internal/grpcsync","internal/syscall","internal/transport","keepalive","metadata","naming","peer","resolver","resolver/dns","resolver/passthrough","serviceconfig","stats","status","tap"]
  revision = "6eaf6f47437a6b4e2153a190160ef39a92c7eceb"
  version = "v1.23.0"

[[projects]]
  name = "gopkg.in/yaml.v2"
  packages = ["."]
  revision = "51d6538a90f86fe93ac480b35f37b2be17fef232"
  version = "v2.2.2"

[solve-meta]
  analyzer-name = "dep"
  analyzer-version = 1
  inputs-digest = "2953d3e601e3ade7b40397515f56e3ad01c406492f51ae66c50b74755ebdd239"
  solver-name = "gps-cdcl"
  solver-version = 1
